
Microsoft Visual Studio Solution File, Format Version 12.00
# Visual Studio Version 16
VisualStudioVersion = 25.0.1706.14
MinimumVisualStudioVersion = 10.0.40219.1
Project("{FAE04EC0-301F-11D3-BF4B-00C04F79EFBC}") = "CarSharePlusShared", "CarSharePlusShared.csproj", "{ED2C4FAE-74D7-43F6-A797-46EC4CA14009}"
EndProject
Global
	GlobalSection(SolutionConfigurationPlatforms) = preSolution
		Debug|Any CPU = Debug|Any CPU
		Release|Any CPU = Release|Any CPU
	EndGlobalSection
	GlobalSection(ProjectConfigurationPlatforms) = postSolution
		{ED2C4FAE-74D7-43F6-A797-46EC4CA14009}.Debug|Any CPU.ActiveCfg = Debug|Any CPU
		{ED2C4FAE-74D7-43F6-A797-46EC4CA14009}.Debug|Any CPU.Build.0 = Debug|Any CPU
		{ED2C4FAE-74D7-43F6-A797-46EC4CA14009}.Release|Any CPU.ActiveCfg = Release|Any CPU
		{ED2C4FAE-74D7-43F6-A797-46EC4CA14009}.Release|Any CPU.Build.0 = Release|Any CPU
	EndGlobalSection
	GlobalSection(SolutionProperties) = preSolution
		HideSolutionNode = FALSE
	EndGlobalSection
	GlobalSection(ExtensibilityGlobals) = postSolution
		SolutionGuid = {2ABEDE7F-D434-45F1-AF75-B5F982067B52}
	EndGlobalSection
EndGlobal
